
Microsoft Visual Studio Solution File, Format Version 12.00
# Visual Studio Version 16
VisualStudioVersion = 16.0.30011.22
MinimumVisualStudioVersion = 10.0.40219.1
Project("{FAE04EC0-301F-11D3-BF4B-00C04F79EFBC}") = "Podcasts", "Podcasts\Podcasts.csproj", "{C66D35D7-A9B2-4A11-B632-161EC1727EAA}"
EndProject
Project("{FAE04EC0-301F-11D3-BF4B-00C04F79EFBC}") = "BL", "BL\BL.csproj", "{47735102-9AD8-42FF-A0AC-3DD9A370B01F}"
EndProject
Project("{FAE04EC0-301F-11D3-BF4B-00C04F79EFBC}") = "DAL", "DAL\DAL.csproj", "{DA467A27-55B9-4F87-8797-4261F2045C00}"
EndProject
Global
	GlobalSection(SolutionConfigurationPlatforms) = preSolution
		Debug|Any CPU = Debug|Any CPU
		Release|Any CPU = Release|Any CPU
	EndGlobalSection
	GlobalSection(ProjectConfigurationPlatforms) = postSolution
		{C66D35D7-A9B2-4A11-B632-161EC1727EAA}.Debug|Any CPU.ActiveCfg = Debug|Any CPU
		{C66D35D7-A9B2-4A11-B632-161EC1727EAA}.Debug|Any CPU.Build.0 = Debug|Any CPU
		{C66D35D7-A9B2-4A11-B632-161EC1727EAA}.Release|Any CPU.ActiveCfg = Release|Any CPU
		{C66D35D7-A9B2-4A11-B632-161EC1727EAA}.Release|Any CPU.Build.0 = Release|Any CPU
		{47735102-9AD8-42FF-A0AC-3DD9A370B01F}.Debug|Any CPU.ActiveCfg = Debug|Any CPU
		{47735102-9AD8-42FF-A0AC-3DD9A370B01F}.Debug|Any CPU.Build.0 = Debug|Any CPU
		{47735102-9AD8-42FF-A0AC-3DD9A370B01F}.Release|Any CPU.ActiveCfg = Release|Any CPU
		{47735102-9AD8-42FF-A0AC-3DD9A370B01F}.Release|Any CPU.Build.0 = Release|Any CPU
		{DA467A27-55B9-4F87-8797-4261F2045C00}.Debug|Any CPU.ActiveCfg = Debug|Any CPU
		{DA467A27-55B9-4F87-8797-4261F2045C00}.Debug|Any CPU.Build.0 = Debug|Any CPU
		{DA467A27-55B9-4F87-8797-4261F2045C00}.Release|Any CPU.ActiveCfg = Release|Any CPU
		{DA467A27-55B9-4F87-8797-4261F2045C00}.Release|Any CPU.Build.0 = Release|Any CPU
	EndGlobalSection
	GlobalSection(SolutionProperties) = preSolution
		HideSolutionNode = FALSE
	EndGlobalSection
	GlobalSection(ExtensibilityGlobals) = postSolution
		SolutionGuid = {B12A0234-2434-4401-BC1F-9A848F6B74FF}
	EndGlobalSection
EndGlobal
